
Microsoft Visual Studio Solution File, Format Version 12.00
# Visual Studio Version 17
VisualStudioVersion = 17.8.34316.72
MinimumVisualStudioVersion = 10.0.40219.1
Project("{9A19103F-16F7-4668-BE54-9A1E7A4F7556}") = "michael_3038EFWebAPI", "michael_3038EFWebAPI.csproj", "{190C9867-B756-43AB-98EC-4AAB8A00DE15}"
EndProject
Project("{FAE04EC0-301F-11D3-BF4B-00C04F79EFBC}") = "michael_3038-EF-WebAPI.test", "..\michael_3038-EF-WebAPI.test\michael_3038-EF-WebAPI.test.csproj", "{46D2A331-12AC-4615-A896-00AEB4F918E3}"
EndProject
Global
	GlobalSection(SolutionConfigurationPlatforms) = preSolution
		Debug|Any CPU = Debug|Any CPU
		Release|Any CPU = Release|Any CPU
	EndGlobalSection
	GlobalSection(ProjectConfigurationPlatforms) = postSolution
		{190C9867-B756-43AB-98EC-4AAB8A00DE15}.Debug|Any CPU.ActiveCfg = Debug|Any CPU
		{190C9867-B756-43AB-98EC-4AAB8A00DE15}.Debug|Any CPU.Build.0 = Debug|Any CPU
		{190C9867-B756-43AB-98EC-4AAB8A00DE15}.Release|Any CPU.ActiveCfg = Release|Any CPU
		{190C9867-B756-43AB-98EC-4AAB8A00DE15}.Release|Any CPU.Build.0 = Release|Any CPU
		{46D2A331-12AC-4615-A896-00AEB4F918E3}.Debug|Any CPU.ActiveCfg = Debug|Any CPU
		{46D2A331-12AC-4615-A896-00AEB4F918E3}.Debug|Any CPU.Build.0 = Debug|Any CPU
		{46D2A331-12AC-4615-A896-00AEB4F918E3}.Release|Any CPU.ActiveCfg = Release|Any CPU
		{46D2A331-12AC-4615-A896-00AEB4F918E3}.Release|Any CPU.Build.0 = Release|Any CPU
	EndGlobalSection
	GlobalSection(SolutionProperties) = preSolution
		HideSolutionNode = FALSE
	EndGlobalSection
	GlobalSection(ExtensibilityGlobals) = postSolution
		SolutionGuid = {6E9879C2-F105-4ACE-9819-D08EA57DB085}
	EndGlobalSection
EndGlobal
